// !$*UTF8*$!
{
	archiveVersion = 1;
	classes = {
	};
	objectVersion = 48;
	objects = {

/* Begin PBXBuildFile section */
		48C4A13F1FD54C1D00809D7A /* CategoryTableViewController.swift in Sources */ = {isa = PBXBuildFile; fileRef = 48C4A13E1FD54C1D00809D7A /* CategoryTableViewController.swift */; };
		48C4A1411FD54C2800809D7A /* MenuTableViewController.swift in Sources */ = {isa = PBXBuildFile; fileRef = 48C4A1401FD54C2800809D7A /* MenuTableViewController.swift */; };
		48C4A1431FD54C3400809D7A /* OrderTableViewController.swift in Sources */ = {isa = PBXBuildFile; fileRef = 48C4A1421FD54C3300809D7A /* OrderTableViewController.swift */; };
		48C4A1451FD54DF100809D7A /* MenuItemDetailViewController.swift in Sources */ = {isa = PBXBuildFile; fileRef = 48C4A1441FD54DF100809D7A /* MenuItemDetailViewController.swift */; };
		48C4A1471FD54E7300809D7A /* MenuItem.swift in Sources */ = {isa = PBXBuildFile; fileRef = 48C4A1461FD54E7300809D7A /* MenuItem.swift */; };
		48C4A1491FD54FC500809D7A /* IntermediaryModels.swift in Sources */ = {isa = PBXBuildFile; fileRef = 48C4A1481FD54FC500809D7A /* IntermediaryModels.swift */; };
		48C4A14B1FD5504000809D7A /* MenuController.swift in Sources */ = {isa = PBXBuildFile; fileRef = 48C4A14A1FD5504000809D7A /* MenuController.swift */; };
		48C4A14D1FD5710100809D7A /* OrderConfirmationViewController.swift in Sources */ = {isa = PBXBuildFile; fileRef = 48C4A14C1FD5710100809D7A /* OrderConfirmationViewController.swift */; };
		48F3800C1FD43B28000BC4C8 /* AppDelegate.swift in Sources */ = {isa = PBXBuildFile; fileRef = 48F3800B1FD43B28000BC4C8 /* AppDelegate.swift */; };
		48F3800E1FD43B28000BC4C8 /* ViewController.swift in Sources */ = {isa = PBXBuildFile; fileRef = 48F3800D1FD43B28000BC4C8 /* ViewController.swift */; };
		48F380111FD43B28000BC4C8 /* Main.storyboard in Resources */ = {isa = PBXBuildFile; fileRef = 48F3800F1FD43B28000BC4C8 /* Main.storyboard */; };
		48F380131FD43B28000BC4C8 /* Assets.xcassets in Resources */ = {isa = PBXBuildFile; fileRef = 48F380121FD43B28000BC4C8 /* Assets.xcassets */; };
		48F380161FD43B28000BC4C8 /* LaunchScreen.storyboard in Resources */ = {isa = PBXBuildFile; fileRef = 48F380141FD43B28000BC4C8 /* LaunchScreen.storyboard */; };
/* End PBXBuildFile section */

/* Begin PBXFileReference section */
		481AA6371FDEAB2B00278484 /* Simulator Screen Shot - iPhone 8 Plus - 2017-12-11 at 13.00.00.png */ = {isa = PBXFileReference; lastKnownFileType = image.png; path = "Simulator Screen Shot - iPhone 8 Plus - 2017-12-11 at 13.00.00.png"; sourceTree = "<group>"; };
		481AA6381FDEAB2B00278484 /* Simulator Screen Shot - iPhone 8 Plus - 2017-12-11 at 12.55.19.png */ = {isa = PBXFileReference; lastKnownFileType = image.png; path = "Simulator Screen Shot - iPhone 8 Plus - 2017-12-11 at 12.55.19.png"; sourceTree = "<group>"; };
		481AA6391FDEAB2C00278484 /* Simulator Screen Shot - iPhone 8 Plus - 2017-12-11 at 12.55.31.png */ = {isa = PBXFileReference; lastKnownFileType = image.png; path = "Simulator Screen Shot - iPhone 8 Plus - 2017-12-11 at 12.55.31.png"; sourceTree = "<group>"; };
		481AA63A1FDEAB2C00278484 /* Simulator Screen Shot - iPhone 8 Plus - 2017-12-11 at 12.51.40.png */ = {isa = PBXFileReference; lastKnownFileType = image.png; path = "Simulator Screen Shot - iPhone 8 Plus - 2017-12-11 at 12.51.40.png"; sourceTree = "<group>"; };
		481AA63B1FDEAB2C00278484 /* Simulator Screen Shot - iPhone 8 Plus - 2017-12-11 at 12.59.50.png */ = {isa = PBXFileReference; lastKnownFileType = image.png; path = "Simulator Screen Shot - iPhone 8 Plus - 2017-12-11 at 12.59.50.png"; sourceTree = "<group>"; };
		481AA63C1FDEAB2C00278484 /* Simulator Screen Shot - iPhone 8 Plus - 2017-12-11 at 12.55.35.png */ = {isa = PBXFileReference; lastKnownFileType = image.png; path = "Simulator Screen Shot - iPhone 8 Plus - 2017-12-11 at 12.55.35.png"; sourceTree = "<group>"; };
		48C4A13E1FD54C1D00809D7A /* CategoryTableViewController.swift */ = {isa = PBXFileReference; lastKnownFileType = sourcecode.swift; path = CategoryTableViewController.swift; sourceTree = "<group>"; };
		48C4A1401FD54C2800809D7A /* MenuTableViewController.swift */ = {isa = PBXFileReference; lastKnownFileType = sourcecode.swift; path = MenuTableViewController.swift; sourceTree = "<group>"; };
		48C4A1421FD54C3300809D7A /* OrderTableViewController.swift */ = {isa = PBXFileReference; lastKnownFileType = sourcecode.swift; path = OrderTableViewController.swift; sourceTree = "<group>"; };
		48C4A1441FD54DF100809D7A /* MenuItemDetailViewController.swift */ = {isa = PBXFileReference; lastKnownFileType = sourcecode.swift; path = MenuItemDetailViewController.swift; sourceTree = "<group>"; };
		48C4A1461FD54E7300809D7A /* MenuItem.swift */ = {isa = PBXFileReference; lastKnownFileType = sourcecode.swift; path = MenuItem.swift; sourceTree = "<group>"; };
		48C4A1481FD54FC500809D7A /* IntermediaryModels.swift */ = {isa = PBXFileReference; lastKnownFileType = sourcecode.swift; path = IntermediaryModels.swift; sourceTree = "<group>"; };
		48C4A14A1FD5504000809D7A /* MenuController.swift */ = {isa = PBXFileReference; lastKnownFileType = sourcecode.swift; path = MenuController.swift; sourceTree = "<group>"; };
		48C4A14C1FD5710100809D7A /* OrderConfirmationViewController.swift */ = {isa = PBXFileReference; lastKnownFileType = sourcecode.swift; path = OrderConfirmationViewController.swift; sourceTree = "<group>"; };
		48F380081FD43B28000BC4C8 /* Restaurant.app */ = {isa = PBXFileReference; explicitFileType = wrapper.application; includeInIndex = 0; path = Restaurant.app; sourceTree = BUILT_PRODUCTS_DIR; };
		48F3800B1FD43B28000BC4C8 /* AppDelegate.swift */ = {isa = PBXFileReference; lastKnownFileType = sourcecode.swift; path = AppDelegate.swift; sourceTree = "<group>"; };
		48F3800D1FD43B28000BC4C8 /* ViewController.swift */ = {isa = PBXFileReference; lastKnownFileType = sourcecode.swift; path = ViewController.swift; sourceTree = "<group>"; };
		48F380101FD43B28000BC4C8 /* Base */ = {isa = PBXFileReference; lastKnownFileType = file.storyboard; name = Base; path = Base.lproj/Main.storyboard; sourceTree = "<group>"; };
		48F380121FD43B28000BC4C8 /* Assets.xcassets */ = {isa = PBXFileReference; lastKnownFileType = folder.assetcatalog; path = Assets.xcassets; sourceTree = "<group>"; };
		48F380151FD43B28000BC4C8 /* Base */ = {isa = PBXFileReference; lastKnownFileType = file.storyboard; name = Base; path = Base.lproj/LaunchScreen.storyboard; sourceTree = "<group>"; };
		48F380171FD43B28000BC4C8 /* Info.plist */ = {isa = PBXFileReference; lastKnownFileType = text.plist.xml; path = Info.plist; sourceTree = "<group>"; };
/* End PBXFileReference section */

/* Begin PBXFrameworksBuildPhase section */
		48F380051FD43B28000BC4C8 /* Frameworks */ = {
			isa = PBXFrameworksBuildPhase;
			buildActionMask = 2147483647;
			files = (
			);
			runOnlyForDeploymentPostprocessing = 0;
		};
/* End PBXFrameworksBuildPhase section */

/* Begin PBXGroup section */
		481AA6361FDEAB1D00278484 /* docs */ = {
			isa = PBXGroup;
			children = (
				481AA63A1FDEAB2C00278484 /* Simulator Screen Shot - iPhone 8 Plus - 2017-12-11 at 12.51.40.png */,
				481AA6381FDEAB2B00278484 /* Simulator Screen Shot - iPhone 8 Plus - 2017-12-11 at 12.55.19.png */,
				481AA6391FDEAB2C00278484 /* Simulator Screen Shot - iPhone 8 Plus - 2017-12-11 at 12.55.31.png */,
				481AA63C1FDEAB2C00278484 /* Simulator Screen Shot - iPhone 8 Plus - 2017-12-11 at 12.55.35.png */,
				481AA63B1FDEAB2C00278484 /* Simulator Screen Shot - iPhone 8 Plus - 2017-12-11 at 12.59.50.png */,
				481AA6371FDEAB2B00278484 /* Simulator Screen Shot - iPhone 8 Plus - 2017-12-11 at 13.00.00.png */,
			);
			path = docs;
			sourceTree = "<group>";
		};
		48F37FFF1FD43B27000BC4C8 = {
			isa = PBXGroup;
			children = (
				48F3800A1FD43B28000BC4C8 /* Restaurant */,
				48F380091FD43B28000BC4C8 /* Products */,
			);
			sourceTree = "<group>";
		};
		48F380091FD43B28000BC4C8 /* Products */ = {
			isa = PBXGroup;
			children = (
				48F380081FD43B28000BC4C8 /* Restaurant.app */,
			);
			name = Products;
			sourceTree = "<group>";
		};
		48F3800A1FD43B28000BC4C8 /* Restaurant */ = {
			isa = PBXGroup;
			children = (
				481AA6361FDEAB1D00278484 /* docs */,
				48F3800B1FD43B28000BC4C8 /* AppDelegate.swift */,
				48F3800D1FD43B28000BC4C8 /* ViewController.swift */,
				48F3800F1FD43B28000BC4C8 /* Main.storyboard */,
				48C4A1461FD54E7300809D7A /* MenuItem.swift */,
				48C4A1481FD54FC500809D7A /* IntermediaryModels.swift */,
				48C4A14A1FD5504000809D7A /* MenuController.swift */,
				48C4A1441FD54DF100809D7A /* MenuItemDetailViewController.swift */,
				48C4A13E1FD54C1D00809D7A /* CategoryTableViewController.swift */,
				48C4A1401FD54C2800809D7A /* MenuTableViewController.swift */,
				48C4A1421FD54C3300809D7A /* OrderTableViewController.swift */,
				48C4A14C1FD5710100809D7A /* OrderConfirmationViewController.swift */,
				48F380121FD43B28000BC4C8 /* Assets.xcassets */,
				48F380141FD43B28000BC4C8 /* LaunchScreen.storyboard */,
				48F380171FD43B28000BC4C8 /* Info.plist */,
			);
			path = Restaurant;
			sourceTree = "<group>";
		};
/* End PBXGroup section */

/* Begin PBXNativeTarget section */
		48F380071FD43B28000BC4C8 /* Restaurant */ = {
			isa = PBXNativeTarget;
			buildConfigurationList = 48F3801A1FD43B28000BC4C8 /* Build configuration list for PBXNativeTarget "Restaurant" */;
			buildPhases = (
				48F380041FD43B28000BC4C8 /* Sources */,
				48F380051FD43B28000BC4C8 /* Frameworks */,
				48F380061FD43B28000BC4C8 /* Resources */,
			);
			buildRules = (
			);
			dependencies = (
			);
			name = Restaurant;
			productName = Restaurant;
			productReference = 48F380081FD43B28000BC4C8 /* Restaurant.app */;
			productType = "com.apple.product-type.application";
		};
/* End PBXNativeTarget section */

/* Begin PBXProject section */
		48F380001FD43B27000BC4C8 /* Project object */ = {
			isa = PBXProject;
			attributes = {
				LastSwiftUpdateCheck = 0900;
				LastUpgradeCheck = 0900;
				ORGANIZATIONNAME = "Martijn Blauw";
				TargetAttributes = {
					48F380071FD43B28000BC4C8 = {
						CreatedOnToolsVersion = 9.0.1;
						LastSwiftMigration = 0900;
						ProvisioningStyle = Automatic;
					};
				};
			};
			buildConfigurationList = 48F380031FD43B27000BC4C8 /* Build configuration list for PBXProject "Restaurant" */;
			compatibilityVersion = "Xcode 8.0";
			developmentRegion = en;
			hasScannedForEncodings = 0;
			knownRegions = (
				en,
				Base,
			);
			mainGroup = 48F37FFF1FD43B27000BC4C8;
			productRefGroup = 48F380091FD43B28000BC4C8 /* Products */;
			projectDirPath = "";
			projectRoot = "";
			targets = (
				48F380071FD43B28000BC4C8 /* Restaurant */,
			);
		};
/* End PBXProject section */

/* Begin PBXResourcesBuildPhase section */
		48F380061FD43B28000BC4C8 /* Resources */ = {
			isa = PBXResourcesBuildPhase;
			buildActionMask = 2147483647;
			files = (
				48F380161FD43B28000BC4C8 /* LaunchScreen.storyboard in Resources */,
				48F380131FD43B28000BC4C8 /* Assets.xcassets in Resources */,
				48F380111FD43B28000BC4C8 /* Main.storyboard in Resources */,
			);
			runOnlyForDeploymentPostprocessing = 0;
		};
/* End PBXResourcesBuildPhase section */

/* Begin PBXSourcesBuildPhase section */
		48F380041FD43B28000BC4C8 /* Sources */ = {
			isa = PBXSourcesBuildPhase;
			buildActionMask = 2147483647;
			files = (
				48C4A14D1FD5710100809D7A /* OrderConfirmationViewController.swift in Sources */,
				48C4A1471FD54E7300809D7A /* MenuItem.swift in Sources */,
				48C4A14B1FD5504000809D7A /* MenuController.swift in Sources */,
				48C4A1411FD54C2800809D7A /* MenuTableViewController.swift in Sources */,
				48C4A1451FD54DF100809D7A /* MenuItemDetailViewController.swift in Sources */,
				48C4A1431FD54C3400809D7A /* OrderTableViewController.swift in Sources */,
				48C4A1491FD54FC500809D7A /* IntermediaryModels.swift in Sources */,
				48F3800E1FD43B28000BC4C8 /* ViewController.swift in Sources */,
				48F3800C1FD43B28000BC4C8 /* AppDelegate.swift in Sources */,
				48C4A13F1FD54C1D00809D7A /* CategoryTableViewController.swift in Sources */,
			);
			runOnlyForDeploymentPostprocessing = 0;
		};
/* End PBXSourcesBuildPhase section */

/* Begin PBXVariantGroup section */
		48F3800F1FD43B28000BC4C8 /* Main.storyboard */ = {
			isa = PBXVariantGroup;
			children = (
				48F380101FD43B28000BC4C8 /* Base */,
			);
			name = Main.storyboard;
			sourceTree = "<group>";
		};
		48F380141FD43B28000BC4C8 /* LaunchScreen.storyboard */ = {
			isa = PBXVariantGroup;
			children = (
				48F380151FD43B28000BC4C8 /* Base */,
			);
			name = LaunchScreen.storyboard;
			sourceTree = "<group>";
		};
/* End PBXVariantGroup section */

/* Begin XCBuildConfiguration section */
		48F380181FD43B28000BC4C8 /* Debug */ = {
			isa = XCBuildConfiguration;
			buildSettings = {
				ALWAYS_SEARCH_USER_PATHS = NO;
				CLANG_ANALYZER_NONNULL = YES;
				CLANG_ANALYZER_NUMBER_OBJECT_CONVERSION = YES_AGGRESSIVE;
				CLANG_CXX_LANGUAGE_STANDARD = "gnu++14";
				CLANG_CXX_LIBRARY = "libc++";
				CLANG_ENABLE_MODULES = YES;
				CLANG_ENABLE_OBJC_ARC = YES;
				CLANG_WARN_BLOCK_CAPTURE_AUTORELEASING = YES;
				CLANG_WARN_BOOL_CONVERSION = YES;
				CLANG_WARN_COMMA = YES;
				CLANG_WARN_CONSTANT_CONVERSION = YES;
				CLANG_WARN_DIRECT_OBJC_ISA_USAGE = YES_ERROR;
				CLANG_WARN_DOCUMENTATION_COMMENTS = YES;
				CLANG_WARN_EMPTY_BODY = YES;
				CLANG_WARN_ENUM_CONVERSION = YES;
				CLANG_WARN_INFINITE_RECURSION = YES;
				CLANG_WARN_INT_CONVERSION = YES;
				CLANG_WARN_NON_LITERAL_NULL_CONVERSION = YES;
				CLANG_WARN_OBJC_LITERAL_CONVERSION = YES;
				CLANG_WARN_OBJC_ROOT_CLASS = YES_ERROR;
				CLANG_WARN_RANGE_LOOP_ANALYSIS = YES;
				CLANG_WARN_STRICT_PROTOTYPES = YES;
				CLANG_WARN_SUSPICIOUS_MOVE = YES;
				CLANG_WARN_UNGUARDED_AVAILABILITY = YES_AGGRESSIVE;
				CLANG_WARN_UNREACHABLE_CODE = YES;
				CLANG_WARN__DUPLICATE_METHOD_MATCH = YES;
				CODE_SIGN_IDENTITY = "iPhone Developer";
				COPY_PHASE_STRIP = NO;
				DEBUG_INFORMATION_FORMAT = dwarf;
				ENABLE_STRICT_OBJC_MSGSEND = YES;
				ENABLE_TESTABILITY = YES;
				GCC_C_LANGUAGE_STANDARD = gnu11;
				GCC_DYNAMIC_NO_PIC = NO;
				GCC_NO_COMMON_BLOCKS = YES;
				GCC_OPTIMIZATION_LEVEL = 0;
				GCC_PREPROCESSOR_DEFINITIONS = (
					"DEBUG=1",
					"$(inherited)",
				);
				GCC_WARN_64_TO_32_BIT_CONVERSION = YES;
				GCC_WARN_ABOUT_RETURN_TYPE = YES_ERROR;
				GCC_WARN_UNDECLARED_SELECTOR = YES;
				GCC_WARN_UNINITIALIZED_AUTOS = YES_AGGRESSIVE;
				GCC_WARN_UNUSED_FUNCTION = YES;
				GCC_WARN_UNUSED_VARIABLE = YES;
				IPHONEOS_DEPLOYMENT_TARGET = 11.0;
				MTL_ENABLE_DEBUG_INFO = YES;
				ONLY_ACTIVE_ARCH = YES;
				SDKROOT = iphoneos;
				SWIFT_ACTIVE_COMPILATION_CONDITIONS = DEBUG;
				SWIFT_OPTIMIZATION_LEVEL = "-Onone";
			};
			name = Debug;
		};
		48F380191FD43B28000BC4C8 /* Release */ = {
			isa = XCBuildConfiguration;
			buildSettings = {
				ALWAYS_SEARCH_USER_PATHS = NO;
				CLANG_ANALYZER_NONNULL = YES;
				CLANG_ANALYZER_NUMBER_OBJECT_CONVERSION = YES_AGGRESSIVE;
				CLANG_CXX_LANGUAGE_STANDARD = "gnu++14";
				CLANG_CXX_LIBRARY = "libc++";
				CLANG_ENABLE_MODULES = YES;
				CLANG_ENABLE_OBJC_ARC = YES;
				CLANG_WARN_BLOCK_CAPTURE_AUTORELEASING = YES;
				CLANG_WARN_BOOL_CONVERSION = YES;
				CLANG_WARN_COMMA = YES;
				CLANG_WARN_CONSTANT_CONVERSION = YES;
				CLANG_WARN_DIRECT_OBJC_ISA_USAGE = YES_ERROR;
				CLANG_WARN_DOCUMENTATION_COMMENTS = YES;
				CLANG_WARN_EMPTY_BODY = YES;
				CLANG_WARN_ENUM_CONVERSION = YES;
				CLANG_WARN_INFINITE_RECURSION = YES;
				CLANG_WARN_INT_CONVERSION = YES;
				CLANG_WARN_NON_LITERAL_NULL_CONVERSION = YES;
				CLANG_WARN_OBJC_LITERAL_CONVERSION = YES;
				CLANG_WARN_OBJC_ROOT_CLASS = YES_ERROR;
				CLANG_WARN_RANGE_LOOP_ANALYSIS = YES;
				CLANG_WARN_STRICT_PROTOTYPES = YES;
				CLANG_WARN_SUSPICIOUS_MOVE = YES;
				CLANG_WARN_UNGUARDED_AVAILABILITY = YES_AGGRESSIVE;
				CLANG_WARN_UNREACHABLE_CODE = YES;
				CLANG_WARN__DUPLICATE_METHOD_MATCH = YES;
				CODE_SIGN_IDENTITY = "iPhone Developer";
				COPY_PHASE_STRIP = NO;
				DEBUG_INFORMATION_FORMAT = "dwarf-with-dsym";
				ENABLE_NS_ASSERTIONS = NO;
				ENABLE_STRICT_OBJC_MSGSEND = YES;
				GCC_C_LANGUAGE_STANDARD = gnu11;
				GCC_NO_COMMON_BLOCKS = YES;
				GCC_WARN_64_TO_32_BIT_CONVERSION = YES;
				GCC_WARN_ABOUT_RETURN_TYPE = YES_ERROR;
				GCC_WARN_UNDECLARED_SELECTOR = YES;
				GCC_WARN_UNINITIALIZED_AUTOS = YES_AGGRESSIVE;
				GCC_WARN_UNUSED_FUNCTION = YES;
				GCC_WARN_UNUSED_VARIABLE = YES;
				IPHONEOS_DEPLOYMENT_TARGET = 11.0;
				MTL_ENABLE_DEBUG_INFO = NO;
				SDKROOT = iphoneos;
				SWIFT_OPTIMIZATION_LEVEL = "-Owholemodule";
				VALIDATE_PRODUCT = YES;
			};
			name = Release;
		};
		48F3801B1FD43B28000BC4C8 /* Debug */ = {
			isa = XCBuildConfiguration;
			buildSettings = {
				ASSETCATALOG_COMPILER_APPICON_NAME = AppIcon;
				CLANG_ENABLE_MODULES = YES;
				CODE_SIGN_STYLE = Automatic;
				INFOPLIST_FILE = Restaurant/Info.plist;
				LD_RUNPATH_SEARCH_PATHS = "$(inherited) @executable_path/Frameworks";
				PRODUCT_BUNDLE_IDENTIFIER = MartijnBlauw.Restaurant;
				PRODUCT_NAME = "$(TARGET_NAME)";
				SWIFT_OPTIMIZATION_LEVEL = "-Onone";
				SWIFT_VERSION = 4.0;
				TARGETED_DEVICE_FAMILY = "1,2";
			};
			name = Debug;
		};
		48F3801C1FD43B28000BC4C8 /* Release */ = {
			isa = XCBuildConfiguration;
			buildSettings = {
				ASSETCATALOG_COMPILER_APPICON_NAME = AppIcon;
				CLANG_ENABLE_MODULES = YES;
				CODE_SIGN_STYLE = Automatic;
				INFOPLIST_FILE = Restaurant/Info.plist;
				LD_RUNPATH_SEARCH_PATHS = "$(inherited) @executable_path/Frameworks";
				PRODUCT_BUNDLE_IDENTIFIER = MartijnBlauw.Restaurant;
				PRODUCT_NAME = "$(TARGET_NAME)";
				SWIFT_VERSION = 4.0;
				TARGETED_DEVICE_FAMILY = "1,2";
			};
			name = Release;
		};
/* End XCBuildConfiguration section */

/* Begin XCConfigurationList section */
		48F380031FD43B27000BC4C8 /* Build configuration list for PBXProject "Restaurant" */ = {
			isa = XCConfigurationList;
			buildConfigurations = (
				48F380181FD43B28000BC4C8 /* Debug */,
				48F380191FD43B28000BC4C8 /* Release */,
			);
			defaultConfigurationIsVisible = 0;
			defaultConfigurationName = Release;
		};
		48F3801A1FD43B28000BC4C8 /* Build configuration list for PBXNativeTarget "Restaurant" */ = {
			isa = XCConfigurationList;
			buildConfigurations = (
				48F3801B1FD43B28000BC4C8 /* Debug */,
				48F3801C1FD43B28000BC4C8 /* Release */,
			);
			defaultConfigurationIsVisible = 0;
			defaultConfigurationName = Release;
		};
/* End XCConfigurationList section */
	};
	rootObject = 48F380001FD43B27000BC4C8 /* Project object */;
}
